// !$*UTF8*$!
{
	archiveVersion = 1;
	classes = {
	};
	objectVersion = 56;
	objects = {

/* Begin PBXBuildFile section */
		AD7DF70E2B8AB7CC0085B450 /* AppDelegate.swift in Sources */ = {isa = PBXBuildFile; fileRef = AD7DF70D2B8AB7CC0085B450 /* AppDelegate.swift */; };
		AD7DF7102B8AB7CC0085B450 /* SceneDelegate.swift in Sources */ = {isa = PBXBuildFile; fileRef = AD7DF70F2B8AB7CC0085B450 /* SceneDelegate.swift */; };
		AD7DF7122B8AB7CC0085B450 /* ViewController.swift in Sources */ = {isa = PBXBuildFile; fileRef = AD7DF7112B8AB7CC0085B450 /* ViewController.swift */; };
		AD7DF7152B8AB7CC0085B450 /* Main.storyboard in Resources */ = {isa = PBXBuildFile; fileRef = AD7DF7132B8AB7CC0085B450 /* Main.storyboard */; };
		AD7DF7172B8AB7CE0085B450 /* Assets.xcassets in Resources */ = {isa = PBXBuildFile; fileRef = AD7DF7162B8AB7CE0085B450 /* Assets.xcassets */; };
		AD7DF71A2B8AB7CE0085B450 /* LaunchScreen.storyboard in Resources */ = {isa = PBXBuildFile; fileRef = AD7DF7182B8AB7CE0085B450 /* LaunchScreen.storyboard */; };
		AD7DF7222B8AB8D60085B450 /* shader.metal in Sources */ = {isa = PBXBuildFile; fileRef = AD7DF7212B8AB8D60085B450 /* shader.metal */; };
		AD7DF7242B8ABB030085B450 /* Lenna.png in Resources */ = {isa = PBXBuildFile; fileRef = AD7DF7232B8ABB030085B450 /* Lenna.png */; };
/* End PBXBuildFile section */

/* Begin PBXFileReference section */
		AD7DF70A2B8AB7CC0085B450 /* ConvertToGrayScale.app */ = {isa = PBXFileReference; explicitFileType = wrapper.application; includeInIndex = 0; path = ConvertToGrayScale.app; sourceTree = BUILT_PRODUCTS_DIR; };
		AD7DF70D2B8AB7CC0085B450 /* AppDelegate.swift */ = {isa = PBXFileReference; lastKnownFileType = sourcecode.swift; path = AppDelegate.swift; sourceTree = "<group>"; };
		AD7DF70F2B8AB7CC0085B450 /* SceneDelegate.swift */ = {isa = PBXFileReference; lastKnownFileType = sourcecode.swift; path = SceneDelegate.swift; sourceTree = "<group>"; };
		AD7DF7112B8AB7CC0085B450 /* ViewController.swift */ = {isa = PBXFileReference; lastKnownFileType = sourcecode.swift; path = ViewController.swift; sourceTree = "<group>"; };
		AD7DF7142B8AB7CC0085B450 /* Base */ = {isa = PBXFileReference; lastKnownFileType = file.storyboard; name = Base; path = Base.lproj/Main.storyboard; sourceTree = "<group>"; };
		AD7DF7162B8AB7CE0085B450 /* Assets.xcassets */ = {isa = PBXFileReference; lastKnownFileType = folder.assetcatalog; path = Assets.xcassets; sourceTree = "<group>"; };
		AD7DF7192B8AB7CE0085B450 /* Base */ = {isa = PBXFileReference; lastKnownFileType = file.storyboard; name = Base; path = Base.lproj/LaunchScreen.storyboard; sourceTree = "<group>"; };
		AD7DF71B2B8AB7CE0085B450 /* Info.plist */ = {isa = PBXFileReference; lastKnownFileType = text.plist.xml; path = Info.plist; sourceTree = "<group>"; };
		AD7DF7212B8AB8D60085B450 /* shader.metal */ = {isa = PBXFileReference; lastKnownFileType = sourcecode.metal; path = shader.metal; sourceTree = "<group>"; };
		AD7DF7232B8ABB030085B450 /* Lenna.png */ = {isa = PBXFileReference; lastKnownFileType = image.png; name = Lenna.png; path = ../../RenderImageHistogram/RenderImagePoints/Lenna.png; sourceTree = "<group>"; };
/* End PBXFileReference section */

/* Begin PBXFrameworksBuildPhase section */
		AD7DF7072B8AB7CC0085B450 /* Frameworks */ = {
			isa = PBXFrameworksBuildPhase;
			buildActionMask = 2147483647;
			files = (
			);
			runOnlyForDeploymentPostprocessing = 0;
		};
/* End PBXFrameworksBuildPhase section */

/* Begin PBXGroup section */
		AD7DF7012B8AB7CC0085B450 = {
			isa = PBXGroup;
			children = (
				AD7DF70C2B8AB7CC0085B450 /* ConvertToGrayScale */,
				AD7DF70B2B8AB7CC0085B450 /* Products */,
			);
			sourceTree = "<group>";
		};
		AD7DF70B2B8AB7CC0085B450 /* Products */ = {
			isa = PBXGroup;
			children = (
				AD7DF70A2B8AB7CC0085B450 /* ConvertToGrayScale.app */,
			);
			name = Products;
			sourceTree = "<group>";
		};
		AD7DF70C2B8AB7CC0085B450 /* ConvertToGrayScale */ = {
			isa = PBXGroup;
			children = (
				AD7DF7232B8ABB030085B450 /* Lenna.png */,
				AD7DF70D2B8AB7CC0085B450 /* AppDelegate.swift */,
				AD7DF70F2B8AB7CC0085B450 /* SceneDelegate.swift */,
				AD7DF7112B8AB7CC0085B450 /* ViewController.swift */,
				AD7DF7132B8AB7CC0085B450 /* Main.storyboard */,
				AD7DF7162B8AB7CE0085B450 /* Assets.xcassets */,
				AD7DF7182B8AB7CE0085B450 /* LaunchScreen.storyboard */,
				AD7DF71B2B8AB7CE0085B450 /* Info.plist */,
				AD7DF7212B8AB8D60085B450 /* shader.metal */,
			);
			path = ConvertToGrayScale;
			sourceTree = "<group>";
		};
/* End PBXGroup section */

/* Begin PBXNativeTarget section */
		AD7DF7092B8AB7CC0085B450 /* ConvertToGrayScale */ = {
			isa = PBXNativeTarget;
			buildConfigurationList = AD7DF71E2B8AB7CE0085B450 /* Build configuration list for PBXNativeTarget "ConvertToGrayScale" */;
			buildPhases = (
				AD7DF7062B8AB7CC0085B450 /* Sources */,
				AD7DF7072B8AB7CC0085B450 /* Frameworks */,
				AD7DF7082B8AB7CC0085B450 /* Resources */,
			);
			buildRules = (
			);
			dependencies = (
			);
			name = ConvertToGrayScale;
			productName = ConvertToGrayScale;
			productReference = AD7DF70A2B8AB7CC0085B450 /* ConvertToGrayScale.app */;
			productType = "com.apple.product-type.application";
		};
/* End PBXNativeTarget section */

/* Begin PBXProject section */
		AD7DF7022B8AB7CC0085B450 /* Project object */ = {
			isa = PBXProject;
			attributes = {
				BuildIndependentTargetsInParallel = 1;
				LastSwiftUpdateCheck = 1520;
				LastUpgradeCheck = 1520;
				TargetAttributes = {
					AD7DF7092B8AB7CC0085B450 = {
						CreatedOnToolsVersion = 15.2;
					};
				};
			};
			buildConfigurationList = AD7DF7052B8AB7CC0085B450 /* Build configuration list for PBXProject "ConvertToGrayScale" */;
			compatibilityVersion = "Xcode 14.0";
			developmentRegion = en;
			hasScannedForEncodings = 0;
			knownRegions = (
				en,
				Base,
			);
			mainGroup = AD7DF7012B8AB7CC0085B450;
			productRefGroup = AD7DF70B2B8AB7CC0085B450 /* Products */;
			projectDirPath = "";
			projectRoot = "";
			targets = (
				AD7DF7092B8AB7CC0085B450 /* ConvertToGrayScale */,
			);
		};
/* End PBXProject section */

/* Begin PBXResourcesBuildPhase section */
		AD7DF7082B8AB7CC0085B450 /* Resources */ = {
			isa = PBXResourcesBuildPhase;
			buildActionMask = 2147483647;
			files = (
				AD7DF71A2B8AB7CE0085B450 /* LaunchScreen.storyboard in Resources */,
				AD7DF7172B8AB7CE0085B450 /* Assets.xcassets in Resources */,
				AD7DF7242B8ABB030085B450 /* Lenna.png in Resources */,
				AD7DF7152B8AB7CC0085B450 /* Main.storyboard in Resources */,
			);
			runOnlyForDeploymentPostprocessing = 0;
		};
/* End PBXResourcesBuildPhase section */

/* Begin PBXSourcesBuildPhase section */
		AD7DF7062B8AB7CC0085B450 /* Sources */ = {
			isa = PBXSourcesBuildPhase;
			buildActionMask = 2147483647;
			files = (
				AD7DF7222B8AB8D60085B450 /* shader.metal in Sources */,
				AD7DF7122B8AB7CC0085B450 /* ViewController.swift in Sources */,
				AD7DF70E2B8AB7CC0085B450 /* AppDelegate.swift in Sources */,
				AD7DF7102B8AB7CC0085B450 /* SceneDelegate.swift in Sources */,
			);
			runOnlyForDeploymentPostprocessing = 0;
		};
/* End PBXSourcesBuildPhase section */

/* Begin PBXVariantGroup section */
		AD7DF7132B8AB7CC0085B450 /* Main.storyboard */ = {
			isa = PBXVariantGroup;
			children = (
				AD7DF7142B8AB7CC0085B450 /* Base */,
			);
			name = Main.storyboard;
			sourceTree = "<group>";
		};
		AD7DF7182B8AB7CE0085B450 /* LaunchScreen.storyboard */ = {
			isa = PBXVariantGroup;
			children = (
				AD7DF7192B8AB7CE0085B450 /* Base */,
			);
			name = LaunchScreen.storyboard;
			sourceTree = "<group>";
		};
/* End PBXVariantGroup section */

/* Begin XCBuildConfiguration section */
		AD7DF71C2B8AB7CE0085B450 /* Debug */ = {
			isa = XCBuildConfiguration;
			buildSettings = {
				ALWAYS_SEARCH_USER_PATHS = NO;
				ASSETCATALOG_COMPILER_GENERATE_SWIFT_ASSET_SYMBOL_EXTENSIONS = YES;
				CLANG_ANALYZER_NONNULL = YES;
				CLANG_ANALYZER_NUMBER_OBJECT_CONVERSION = YES_AGGRESSIVE;
				CLANG_CXX_LANGUAGE_STANDARD = "gnu++20";
				CLANG_ENABLE_MODULES = YES;
				CLANG_ENABLE_OBJC_ARC = YES;
				CLANG_ENABLE_OBJC_WEAK = YES;
				CLANG_WARN_BLOCK_CAPTURE_AUTORELEASING = YES;
				CLANG_WARN_BOOL_CONVERSION = YES;
				CLANG_WARN_COMMA = YES;
				CLANG_WARN_CONSTANT_CONVERSION = YES;
				CLANG_WARN_DEPRECATED_OBJC_IMPLEMENTATIONS = YES;
				CLANG_WARN_DIRECT_OBJC_ISA_USAGE = YES_ERROR;
				CLANG_WARN_DOCUMENTATION_COMMENTS = YES;
				CLANG_WARN_EMPTY_BODY = YES;
				CLANG_WARN_ENUM_CONVERSION = YES;
				CLANG_WARN_INFINITE_RECURSION = YES;
				CLANG_WARN_INT_CONVERSION = YES;
				CLANG_WARN_NON_LITERAL_NULL_CONVERSION = YES;
				CLANG_WARN_OBJC_IMPLICIT_RETAIN_SELF = YES;
				CLANG_WARN_OBJC_LITERAL_CONVERSION = YES;
				CLANG_WARN_OBJC_ROOT_CLASS = YES_ERROR;
				CLANG_WARN_QUOTED_INCLUDE_IN_FRAMEWORK_HEADER = YES;
				CLANG_WARN_RANGE_LOOP_ANALYSIS = YES;
				CLANG_WARN_STRICT_PROTOTYPES = YES;
				CLANG_WARN_SUSPICIOUS_MOVE = YES;
				CLANG_WARN_UNGUARDED_AVAILABILITY = YES_AGGRESSIVE;
				CLANG_WARN_UNREACHABLE_CODE = YES;
				CLANG_WARN__DUPLICATE_METHOD_MATCH = YES;
				COPY_PHASE_STRIP = NO;
				DEBUG_INFORMATION_FORMAT = dwarf;
				ENABLE_STRICT_OBJC_MSGSEND = YES;
				ENABLE_TESTABILITY = YES;
				ENABLE_USER_SCRIPT_SANDBOXING = YES;
				GCC_C_LANGUAGE_STANDARD = gnu17;
				GCC_DYNAMIC_NO_PIC = NO;
				GCC_NO_COMMON_BLOCKS = YES;
				GCC_OPTIMIZATION_LEVEL = 0;
				GCC_PREPROCESSOR_DEFINITIONS = (
					"DEBUG=1",
					"$(inherited)",
				);
				GCC_WARN_64_TO_32_BIT_CONVERSION = YES;
				GCC_WARN_ABOUT_RETURN_TYPE = YES_ERROR;
				GCC_WARN_UNDECLARED_SELECTOR = YES;
				GCC_WARN_UNINITIALIZED_AUTOS = YES_AGGRESSIVE;
				GCC_WARN_UNUSED_FUNCTION = YES;
				GCC_WARN_UNUSED_VARIABLE = YES;
				IPHONEOS_DEPLOYMENT_TARGET = 17.2;
				LOCALIZATION_PREFERS_STRING_CATALOGS = YES;
				MTL_ENABLE_DEBUG_INFO = INCLUDE_SOURCE;
				MTL_FAST_MATH = YES;
				ONLY_ACTIVE_ARCH = YES;
				SDKROOT = iphoneos;
				SWIFT_ACTIVE_COMPILATION_CONDITIONS = "DEBUG $(inherited)";
				SWIFT_OPTIMIZATION_LEVEL = "-Onone";
			};
			name = Debug;
		};
		AD7DF71D2B8AB7CE0085B450 /* Release */ = {
			isa = XCBuildConfiguration;
			buildSettings = {
				ALWAYS_SEARCH_USER_PATHS = NO;
				ASSETCATALOG_COMPILER_GENERATE_SWIFT_ASSET_SYMBOL_EXTENSIONS = YES;
				CLANG_ANALYZER_NONNULL = YES;
				CLANG_ANALYZER_NUMBER_OBJECT_CONVERSION = YES_AGGRESSIVE;
				CLANG_CXX_LANGUAGE_STANDARD = "gnu++20";
				CLANG_ENABLE_MODULES = YES;
				CLANG_ENABLE_OBJC_ARC = YES;
				CLANG_ENABLE_OBJC_WEAK = YES;
				CLANG_WARN_BLOCK_CAPTURE_AUTORELEASING = YES;
				CLANG_WARN_BOOL_CONVERSION = YES;
				CLANG_WARN_COMMA = YES;
				CLANG_WARN_CONSTANT_CONVERSION = YES;
				CLANG_WARN_DEPRECATED_OBJC_IMPLEMENTATIONS = YES;
				CLANG_WARN_DIRECT_OBJC_ISA_USAGE = YES_ERROR;
				CLANG_WARN_DOCUMENTATION_COMMENTS = YES;
				CLANG_WARN_EMPTY_BODY = YES;
				CLANG_WARN_ENUM_CONVERSION = YES;
				CLANG_WARN_INFINITE_RECURSION = YES;
				CLANG_WARN_INT_CONVERSION = YES;
				CLANG_WARN_NON_LITERAL_NULL_CONVERSION = YES;
				CLANG_WARN_OBJC_IMPLICIT_RETAIN_SELF = YES;
				CLANG_WARN_OBJC_LITERAL_CONVERSION = YES;
				CLANG_WARN_OBJC_ROOT_CLASS = YES_ERROR;
				CLANG_WARN_QUOTED_INCLUDE_IN_FRAMEWORK_HEADER = YES;
				CLANG_WARN_RANGE_LOOP_ANALYSIS = YES;
				CLANG_WARN_STRICT_PROTOTYPES = YES;
				CLANG_WARN_SUSPICIOUS_MOVE = YES;
				CLANG_WARN_UNGUARDED_AVAILABILITY = YES_AGGRESSIVE;
				CLANG_WARN_UNREACHABLE_CODE = YES;
				CLANG_WARN__DUPLICATE_METHOD_MATCH = YES;
				COPY_PHASE_STRIP = NO;
				DEBUG_INFORMATION_FORMAT = "dwarf-with-dsym";
				ENABLE_NS_ASSERTIONS = NO;
				ENABLE_STRICT_OBJC_MSGSEND = YES;
				ENABLE_USER_SCRIPT_SANDBOXING = YES;
				GCC_C_LANGUAGE_STANDARD = gnu17;
				GCC_NO_COMMON_BLOCKS = YES;
				GCC_WARN_64_TO_32_BIT_CONVERSION = YES;
				GCC_WARN_ABOUT_RETURN_TYPE = YES_ERROR;
				GCC_WARN_UNDECLARED_SELECTOR = YES;
				GCC_WARN_UNINITIALIZED_AUTOS = YES_AGGRESSIVE;
				GCC_WARN_UNUSED_FUNCTION = YES;
				GCC_WARN_UNUSED_VARIABLE = YES;
				IPHONEOS_DEPLOYMENT_TARGET = 17.2;
				LOCALIZATION_PREFERS_STRING_CATALOGS = YES;
				MTL_ENABLE_DEBUG_INFO = NO;
				MTL_FAST_MATH = YES;
				SDKROOT = iphoneos;
				SWIFT_COMPILATION_MODE = wholemodule;
				VALIDATE_PRODUCT = YES;
			};
			name = Release;
		};
		AD7DF71F2B8AB7CE0085B450 /* Debug */ = {
			isa = XCBuildConfiguration;
			buildSettings = {
				ASSETCATALOG_COMPILER_APPICON_NAME = AppIcon;
				ASSETCATALOG_COMPILER_GLOBAL_ACCENT_COLOR_NAME = AccentColor;
				CODE_SIGN_STYLE = Automatic;
				CURRENT_PROJECT_VERSION = 1;
				DEVELOPMENT_TEAM = 4C5CQUEM8K;
				GENERATE_INFOPLIST_FILE = YES;
				INFOPLIST_FILE = ConvertToGrayScale/Info.plist;
				INFOPLIST_KEY_UIApplicationSupportsIndirectInputEvents = YES;
				INFOPLIST_KEY_UILaunchStoryboardName = LaunchScreen;
				INFOPLIST_KEY_UIMainStoryboardFile = Main;
				INFOPLIST_KEY_UISupportedInterfaceOrientations_iPad = "UIInterfaceOrientationPortrait UIInterfaceOrientationPortraitUpsideDown UIInterfaceOrientationLandscapeLeft UIInterfaceOrientationLandscapeRight";
				INFOPLIST_KEY_UISupportedInterfaceOrientations_iPhone = "UIInterfaceOrientationPortrait UIInterfaceOrientationLandscapeLeft UIInterfaceOrientationLandscapeRight";
				LD_RUNPATH_SEARCH_PATHS = (
					"$(inherited)",
					"@executable_path/Frameworks",
				);
				MARKETING_VERSION = 1.0;
				PRODUCT_BUNDLE_IDENTIFIER = com.cherrysoft.ConvertToGrayScale;
				PRODUCT_NAME = "$(TARGET_NAME)";
				SWIFT_EMIT_LOC_STRINGS = YES;
				SWIFT_VERSION = 5.0;
				TARGETED_DEVICE_FAMILY = "1,2";
			};
			name = Debug;
		};
		AD7DF7202B8AB7CE0085B450 /* Release */ = {
			isa = XCBuildConfiguration;
			buildSettings = {
				ASSETCATALOG_COMPILER_APPICON_NAME = AppIcon;
				ASSETCATALOG_COMPILER_GLOBAL_ACCENT_COLOR_NAME = AccentColor;
				CODE_SIGN_STYLE = Automatic;
				CURRENT_PROJECT_VERSION = 1;
				DEVELOPMENT_TEAM = 4C5CQUEM8K;
				GENERATE_INFOPLIST_FILE = YES;
				INFOPLIST_FILE = ConvertToGrayScale/Info.plist;
				INFOPLIST_KEY_UIApplicationSupportsIndirectInputEvents = YES;
				INFOPLIST_KEY_UILaunchStoryboardName = LaunchScreen;
				INFOPLIST_KEY_UIMainStoryboardFile = Main;
				INFOPLIST_KEY_UISupportedInterfaceOrientations_iPad = "UIInterfaceOrientationPortrait UIInterfaceOrientationPortraitUpsideDown UIInterfaceOrientationLandscapeLeft UIInterfaceOrientationLandscapeRight";
				INFOPLIST_KEY_UISupportedInterfaceOrientations_iPhone = "UIInterfaceOrientationPortrait UIInterfaceOrientationLandscapeLeft UIInterfaceOrientationLandscapeRight";
				LD_RUNPATH_SEARCH_PATHS = (
					"$(inherited)",
					"@executable_path/Frameworks",
				);
				MARKETING_VERSION = 1.0;
				PRODUCT_BUNDLE_IDENTIFIER = com.cherrysoft.ConvertToGrayScale;
				PRODUCT_NAME = "$(TARGET_NAME)";
				SWIFT_EMIT_LOC_STRINGS = YES;
				SWIFT_VERSION = 5.0;
				TARGETED_DEVICE_FAMILY = "1,2";
			};
			name = Release;
		};
/* End XCBuildConfiguration section */

/* Begin XCConfigurationList section */
		AD7DF7052B8AB7CC0085B450 /* Build configuration list for PBXProject "ConvertToGrayScale" */ = {
			isa = XCConfigurationList;
			buildConfigurations = (
				AD7DF71C2B8AB7CE0085B450 /* Debug */,
				AD7DF71D2B8AB7CE0085B450 /* Release */,
			);
			defaultConfigurationIsVisible = 0;
			defaultConfigurationName = Release;
		};
		AD7DF71E2B8AB7CE0085B450 /* Build configuration list for PBXNativeTarget "ConvertToGrayScale" */ = {
			isa = XCConfigurationList;
			buildConfigurations = (
				AD7DF71F2B8AB7CE0085B450 /* Debug */,
				AD7DF7202B8AB7CE0085B450 /* Release */,
			);
			defaultConfigurationIsVisible = 0;
			defaultConfigurationName = Release;
		};
/* End XCConfigurationList section */
	};
	rootObject = AD7DF7022B8AB7CC0085B450 /* Project object */;
}
