// !$*UTF8*$!
{
	archiveVersion = 1;
	classes = {
	};
	objectVersion = 56;
	objects = {

/* Begin PBXBuildFile section */
		AD9161122B52C5A5001EEB7C /* AppDelegate.swift in Sources */ = {isa = PBXBuildFile; fileRef = AD9161112B52C5A5001EEB7C /* AppDelegate.swift */; };
		AD9161142B52C5A5001EEB7C /* SceneDelegate.swift in Sources */ = {isa = PBXBuildFile; fileRef = AD9161132B52C5A5001EEB7C /* SceneDelegate.swift */; };
		AD9161162B52C5A5001EEB7C /* ViewController.swift in Sources */ = {isa = PBXBuildFile; fileRef = AD9161152B52C5A5001EEB7C /* ViewController.swift */; };
		AD9161192B52C5A5001EEB7C /* Main.storyboard in Resources */ = {isa = PBXBuildFile; fileRef = AD9161172B52C5A5001EEB7C /* Main.storyboard */; };
		AD91611B2B52C5A6001EEB7C /* Assets.xcassets in Resources */ = {isa = PBXBuildFile; fileRef = AD91611A2B52C5A6001EEB7C /* Assets.xcassets */; };
		AD91611E2B52C5A6001EEB7C /* LaunchScreen.storyboard in Resources */ = {isa = PBXBuildFile; fileRef = AD91611C2B52C5A6001EEB7C /* LaunchScreen.storyboard */; };
		AD9161262B52C715001EEB7C /* Shader.metal in Sources */ = {isa = PBXBuildFile; fileRef = AD9161252B52C715001EEB7C /* Shader.metal */; };
		AD9161282B52C89D001EEB7C /* barina.jpg in Resources */ = {isa = PBXBuildFile; fileRef = AD9161272B52C89D001EEB7C /* barina.jpg */; };
/* End PBXBuildFile section */

/* Begin PBXFileReference section */
		AD91610E2B52C5A5001EEB7C /* RenderRectangle.app */ = {isa = PBXFileReference; explicitFileType = wrapper.application; includeInIndex = 0; path = RenderRectangle.app; sourceTree = BUILT_PRODUCTS_DIR; };
		AD9161112B52C5A5001EEB7C /* AppDelegate.swift */ = {isa = PBXFileReference; lastKnownFileType = sourcecode.swift; path = AppDelegate.swift; sourceTree = "<group>"; };
		AD9161132B52C5A5001EEB7C /* SceneDelegate.swift */ = {isa = PBXFileReference; lastKnownFileType = sourcecode.swift; path = SceneDelegate.swift; sourceTree = "<group>"; };
		AD9161152B52C5A5001EEB7C /* ViewController.swift */ = {isa = PBXFileReference; lastKnownFileType = sourcecode.swift; path = ViewController.swift; sourceTree = "<group>"; };
		AD9161182B52C5A5001EEB7C /* Base */ = {isa = PBXFileReference; lastKnownFileType = file.storyboard; name = Base; path = Base.lproj/Main.storyboard; sourceTree = "<group>"; };
		AD91611A2B52C5A6001EEB7C /* Assets.xcassets */ = {isa = PBXFileReference; lastKnownFileType = folder.assetcatalog; path = Assets.xcassets; sourceTree = "<group>"; };
		AD91611D2B52C5A6001EEB7C /* Base */ = {isa = PBXFileReference; lastKnownFileType = file.storyboard; name = Base; path = Base.lproj/LaunchScreen.storyboard; sourceTree = "<group>"; };
		AD91611F2B52C5A6001EEB7C /* Info.plist */ = {isa = PBXFileReference; lastKnownFileType = text.plist.xml; path = Info.plist; sourceTree = "<group>"; };
		AD9161252B52C715001EEB7C /* Shader.metal */ = {isa = PBXFileReference; lastKnownFileType = sourcecode.metal; path = Shader.metal; sourceTree = "<group>"; };
		AD9161272B52C89D001EEB7C /* barina.jpg */ = {isa = PBXFileReference; lastKnownFileType = image.jpeg; name = barina.jpg; path = ../../ImageRender/ImageRender/barina.jpg; sourceTree = "<group>"; };
/* End PBXFileReference section */

/* Begin PBXFrameworksBuildPhase section */
		AD91610B2B52C5A5001EEB7C /* Frameworks */ = {
			isa = PBXFrameworksBuildPhase;
			buildActionMask = 2147483647;
			files = (
			);
			runOnlyForDeploymentPostprocessing = 0;
		};
/* End PBXFrameworksBuildPhase section */

/* Begin PBXGroup section */
		AD9161052B52C5A5001EEB7C = {
			isa = PBXGroup;
			children = (
				AD9161102B52C5A5001EEB7C /* RenderRectangle */,
				AD91610F2B52C5A5001EEB7C /* Products */,
			);
			sourceTree = "<group>";
		};
		AD91610F2B52C5A5001EEB7C /* Products */ = {
			isa = PBXGroup;
			children = (
				AD91610E2B52C5A5001EEB7C /* RenderRectangle.app */,
			);
			name = Products;
			sourceTree = "<group>";
		};
		AD9161102B52C5A5001EEB7C /* RenderRectangle */ = {
			isa = PBXGroup;
			children = (
				AD9161272B52C89D001EEB7C /* barina.jpg */,
				AD9161112B52C5A5001EEB7C /* AppDelegate.swift */,
				AD9161132B52C5A5001EEB7C /* SceneDelegate.swift */,
				AD9161152B52C5A5001EEB7C /* ViewController.swift */,
				AD9161172B52C5A5001EEB7C /* Main.storyboard */,
				AD91611A2B52C5A6001EEB7C /* Assets.xcassets */,
				AD91611C2B52C5A6001EEB7C /* LaunchScreen.storyboard */,
				AD91611F2B52C5A6001EEB7C /* Info.plist */,
				AD9161252B52C715001EEB7C /* Shader.metal */,
			);
			path = RenderRectangle;
			sourceTree = "<group>";
		};
/* End PBXGroup section */

/* Begin PBXNativeTarget section */
		AD91610D2B52C5A5001EEB7C /* RenderRectangle */ = {
			isa = PBXNativeTarget;
			buildConfigurationList = AD9161222B52C5A6001EEB7C /* Build configuration list for PBXNativeTarget "RenderRectangle" */;
			buildPhases = (
				AD91610A2B52C5A5001EEB7C /* Sources */,
				AD91610B2B52C5A5001EEB7C /* Frameworks */,
				AD91610C2B52C5A5001EEB7C /* Resources */,
			);
			buildRules = (
			);
			dependencies = (
			);
			name = RenderRectangle;
			productName = RenderRectangle;
			productReference = AD91610E2B52C5A5001EEB7C /* RenderRectangle.app */;
			productType = "com.apple.product-type.application";
		};
/* End PBXNativeTarget section */

/* Begin PBXProject section */
		AD9161062B52C5A5001EEB7C /* Project object */ = {
			isa = PBXProject;
			attributes = {
				BuildIndependentTargetsInParallel = 1;
				LastSwiftUpdateCheck = 1430;
				LastUpgradeCheck = 1430;
				TargetAttributes = {
					AD91610D2B52C5A5001EEB7C = {
						CreatedOnToolsVersion = 14.3;
					};
				};
			};
			buildConfigurationList = AD9161092B52C5A5001EEB7C /* Build configuration list for PBXProject "RenderRectangle" */;
			compatibilityVersion = "Xcode 14.0";
			developmentRegion = en;
			hasScannedForEncodings = 0;
			knownRegions = (
				en,
				Base,
			);
			mainGroup = AD9161052B52C5A5001EEB7C;
			productRefGroup = AD91610F2B52C5A5001EEB7C /* Products */;
			projectDirPath = "";
			projectRoot = "";
			targets = (
				AD91610D2B52C5A5001EEB7C /* RenderRectangle */,
			);
		};
/* End PBXProject section */

/* Begin PBXResourcesBuildPhase section */
		AD91610C2B52C5A5001EEB7C /* Resources */ = {
			isa = PBXResourcesBuildPhase;
			buildActionMask = 2147483647;
			files = (
				AD91611E2B52C5A6001EEB7C /* LaunchScreen.storyboard in Resources */,
				AD91611B2B52C5A6001EEB7C /* Assets.xcassets in Resources */,
				AD9161282B52C89D001EEB7C /* barina.jpg in Resources */,
				AD9161192B52C5A5001EEB7C /* Main.storyboard in Resources */,
			);
			runOnlyForDeploymentPostprocessing = 0;
		};
/* End PBXResourcesBuildPhase section */

/* Begin PBXSourcesBuildPhase section */
		AD91610A2B52C5A5001EEB7C /* Sources */ = {
			isa = PBXSourcesBuildPhase;
			buildActionMask = 2147483647;
			files = (
				AD9161262B52C715001EEB7C /* Shader.metal in Sources */,
				AD9161162B52C5A5001EEB7C /* ViewController.swift in Sources */,
				AD9161122B52C5A5001EEB7C /* AppDelegate.swift in Sources */,
				AD9161142B52C5A5001EEB7C /* SceneDelegate.swift in Sources */,
			);
			runOnlyForDeploymentPostprocessing = 0;
		};
/* End PBXSourcesBuildPhase section */

/* Begin PBXVariantGroup section */
		AD9161172B52C5A5001EEB7C /* Main.storyboard */ = {
			isa = PBXVariantGroup;
			children = (
				AD9161182B52C5A5001EEB7C /* Base */,
			);
			name = Main.storyboard;
			sourceTree = "<group>";
		};
		AD91611C2B52C5A6001EEB7C /* LaunchScreen.storyboard */ = {
			isa = PBXVariantGroup;
			children = (
				AD91611D2B52C5A6001EEB7C /* Base */,
			);
			name = LaunchScreen.storyboard;
			sourceTree = "<group>";
		};
/* End PBXVariantGroup section */

/* Begin XCBuildConfiguration section */
		AD9161202B52C5A6001EEB7C /* Debug */ = {
			isa = XCBuildConfiguration;
			buildSettings = {
				ALWAYS_SEARCH_USER_PATHS = NO;
				CLANG_ANALYZER_NONNULL = YES;
				CLANG_ANALYZER_NUMBER_OBJECT_CONVERSION = YES_AGGRESSIVE;
				CLANG_CXX_LANGUAGE_STANDARD = "gnu++20";
				CLANG_ENABLE_MODULES = YES;
				CLANG_ENABLE_OBJC_ARC = YES;
				CLANG_ENABLE_OBJC_WEAK = YES;
				CLANG_WARN_BLOCK_CAPTURE_AUTORELEASING = YES;
				CLANG_WARN_BOOL_CONVERSION = YES;
				CLANG_WARN_COMMA = YES;
				CLANG_WARN_CONSTANT_CONVERSION = YES;
				CLANG_WARN_DEPRECATED_OBJC_IMPLEMENTATIONS = YES;
				CLANG_WARN_DIRECT_OBJC_ISA_USAGE = YES_ERROR;
				CLANG_WARN_DOCUMENTATION_COMMENTS = YES;
				CLANG_WARN_EMPTY_BODY = YES;
				CLANG_WARN_ENUM_CONVERSION = YES;
				CLANG_WARN_INFINITE_RECURSION = YES;
				CLANG_WARN_INT_CONVERSION = YES;
				CLANG_WARN_NON_LITERAL_NULL_CONVERSION = YES;
				CLANG_WARN_OBJC_IMPLICIT_RETAIN_SELF = YES;
				CLANG_WARN_OBJC_LITERAL_CONVERSION = YES;
				CLANG_WARN_OBJC_ROOT_CLASS = YES_ERROR;
				CLANG_WARN_QUOTED_INCLUDE_IN_FRAMEWORK_HEADER = YES;
				CLANG_WARN_RANGE_LOOP_ANALYSIS = YES;
				CLANG_WARN_STRICT_PROTOTYPES = YES;
				CLANG_WARN_SUSPICIOUS_MOVE = YES;
				CLANG_WARN_UNGUARDED_AVAILABILITY = YES_AGGRESSIVE;
				CLANG_WARN_UNREACHABLE_CODE = YES;
				CLANG_WARN__DUPLICATE_METHOD_MATCH = YES;
				COPY_PHASE_STRIP = NO;
				DEBUG_INFORMATION_FORMAT = dwarf;
				ENABLE_STRICT_OBJC_MSGSEND = YES;
				ENABLE_TESTABILITY = YES;
				GCC_C_LANGUAGE_STANDARD = gnu11;
				GCC_DYNAMIC_NO_PIC = NO;
				GCC_NO_COMMON_BLOCKS = YES;
				GCC_OPTIMIZATION_LEVEL = 0;
				GCC_PREPROCESSOR_DEFINITIONS = (
					"DEBUG=1",
					"$(inherited)",
				);
				GCC_WARN_64_TO_32_BIT_CONVERSION = YES;
				GCC_WARN_ABOUT_RETURN_TYPE = YES_ERROR;
				GCC_WARN_UNDECLARED_SELECTOR = YES;
				GCC_WARN_UNINITIALIZED_AUTOS = YES_AGGRESSIVE;
				GCC_WARN_UNUSED_FUNCTION = YES;
				GCC_WARN_UNUSED_VARIABLE = YES;
				IPHONEOS_DEPLOYMENT_TARGET = 16.4;
				MTL_ENABLE_DEBUG_INFO = INCLUDE_SOURCE;
				MTL_FAST_MATH = YES;
				ONLY_ACTIVE_ARCH = YES;
				SDKROOT = iphoneos;
				SWIFT_ACTIVE_COMPILATION_CONDITIONS = DEBUG;
				SWIFT_OPTIMIZATION_LEVEL = "-Onone";
			};
			name = Debug;
		};
		AD9161212B52C5A6001EEB7C /* Release */ = {
			isa = XCBuildConfiguration;
			buildSettings = {
				ALWAYS_SEARCH_USER_PATHS = NO;
				CLANG_ANALYZER_NONNULL = YES;
				CLANG_ANALYZER_NUMBER_OBJECT_CONVERSION = YES_AGGRESSIVE;
				CLANG_CXX_LANGUAGE_STANDARD = "gnu++20";
				CLANG_ENABLE_MODULES = YES;
				CLANG_ENABLE_OBJC_ARC = YES;
				CLANG_ENABLE_OBJC_WEAK = YES;
				CLANG_WARN_BLOCK_CAPTURE_AUTORELEASING = YES;
				CLANG_WARN_BOOL_CONVERSION = YES;
				CLANG_WARN_COMMA = YES;
				CLANG_WARN_CONSTANT_CONVERSION = YES;
				CLANG_WARN_DEPRECATED_OBJC_IMPLEMENTATIONS = YES;
				CLANG_WARN_DIRECT_OBJC_ISA_USAGE = YES_ERROR;
				CLANG_WARN_DOCUMENTATION_COMMENTS = YES;
				CLANG_WARN_EMPTY_BODY = YES;
				CLANG_WARN_ENUM_CONVERSION = YES;
				CLANG_WARN_INFINITE_RECURSION = YES;
				CLANG_WARN_INT_CONVERSION = YES;
				CLANG_WARN_NON_LITERAL_NULL_CONVERSION = YES;
				CLANG_WARN_OBJC_IMPLICIT_RETAIN_SELF = YES;
				CLANG_WARN_OBJC_LITERAL_CONVERSION = YES;
				CLANG_WARN_OBJC_ROOT_CLASS = YES_ERROR;
				CLANG_WARN_QUOTED_INCLUDE_IN_FRAMEWORK_HEADER = YES;
				CLANG_WARN_RANGE_LOOP_ANALYSIS = YES;
				CLANG_WARN_STRICT_PROTOTYPES = YES;
				CLANG_WARN_SUSPICIOUS_MOVE = YES;
				CLANG_WARN_UNGUARDED_AVAILABILITY = YES_AGGRESSIVE;
				CLANG_WARN_UNREACHABLE_CODE = YES;
				CLANG_WARN__DUPLICATE_METHOD_MATCH = YES;
				COPY_PHASE_STRIP = NO;
				DEBUG_INFORMATION_FORMAT = "dwarf-with-dsym";
				ENABLE_NS_ASSERTIONS = NO;
				ENABLE_STRICT_OBJC_MSGSEND = YES;
				GCC_C_LANGUAGE_STANDARD = gnu11;
				GCC_NO_COMMON_BLOCKS = YES;
				GCC_WARN_64_TO_32_BIT_CONVERSION = YES;
				GCC_WARN_ABOUT_RETURN_TYPE = YES_ERROR;
				GCC_WARN_UNDECLARED_SELECTOR = YES;
				GCC_WARN_UNINITIALIZED_AUTOS = YES_AGGRESSIVE;
				GCC_WARN_UNUSED_FUNCTION = YES;
				GCC_WARN_UNUSED_VARIABLE = YES;
				IPHONEOS_DEPLOYMENT_TARGET = 16.4;
				MTL_ENABLE_DEBUG_INFO = NO;
				MTL_FAST_MATH = YES;
				SDKROOT = iphoneos;
				SWIFT_COMPILATION_MODE = wholemodule;
				SWIFT_OPTIMIZATION_LEVEL = "-O";
				VALIDATE_PRODUCT = YES;
			};
			name = Release;
		};
		AD9161232B52C5A6001EEB7C /* Debug */ = {
			isa = XCBuildConfiguration;
			buildSettings = {
				ASSETCATALOG_COMPILER_APPICON_NAME = AppIcon;
				ASSETCATALOG_COMPILER_GLOBAL_ACCENT_COLOR_NAME = AccentColor;
				CODE_SIGN_STYLE = Automatic;
				CURRENT_PROJECT_VERSION = 1;
				DEVELOPMENT_TEAM = 4C5CQUEM8K;
				GENERATE_INFOPLIST_FILE = YES;
				INFOPLIST_FILE = RenderRectangle/Info.plist;
				INFOPLIST_KEY_UIApplicationSupportsIndirectInputEvents = YES;
				INFOPLIST_KEY_UILaunchStoryboardName = LaunchScreen;
				INFOPLIST_KEY_UIMainStoryboardFile = Main;
				INFOPLIST_KEY_UISupportedInterfaceOrientations_iPad = "UIInterfaceOrientationPortrait UIInterfaceOrientationPortraitUpsideDown UIInterfaceOrientationLandscapeLeft UIInterfaceOrientationLandscapeRight";
				INFOPLIST_KEY_UISupportedInterfaceOrientations_iPhone = "UIInterfaceOrientationPortrait UIInterfaceOrientationLandscapeLeft UIInterfaceOrientationLandscapeRight";
				LD_RUNPATH_SEARCH_PATHS = (
					"$(inherited)",
					"@executable_path/Frameworks",
				);
				MARKETING_VERSION = 1.0;
				PRODUCT_BUNDLE_IDENTIFIER = com.cherrysoft.RenderRectangle;
				PRODUCT_NAME = "$(TARGET_NAME)";
				SWIFT_EMIT_LOC_STRINGS = YES;
				SWIFT_VERSION = 5.0;
				TARGETED_DEVICE_FAMILY = "1,2";
			};
			name = Debug;
		};
		AD9161242B52C5A6001EEB7C /* Release */ = {
			isa = XCBuildConfiguration;
			buildSettings = {
				ASSETCATALOG_COMPILER_APPICON_NAME = AppIcon;
				ASSETCATALOG_COMPILER_GLOBAL_ACCENT_COLOR_NAME = AccentColor;
				CODE_SIGN_STYLE = Automatic;
				CURRENT_PROJECT_VERSION = 1;
				DEVELOPMENT_TEAM = 4C5CQUEM8K;
				GENERATE_INFOPLIST_FILE = YES;
				INFOPLIST_FILE = RenderRectangle/Info.plist;
				INFOPLIST_KEY_UIApplicationSupportsIndirectInputEvents = YES;
				INFOPLIST_KEY_UILaunchStoryboardName = LaunchScreen;
				INFOPLIST_KEY_UIMainStoryboardFile = Main;
				INFOPLIST_KEY_UISupportedInterfaceOrientations_iPad = "UIInterfaceOrientationPortrait UIInterfaceOrientationPortraitUpsideDown UIInterfaceOrientationLandscapeLeft UIInterfaceOrientationLandscapeRight";
				INFOPLIST_KEY_UISupportedInterfaceOrientations_iPhone = "UIInterfaceOrientationPortrait UIInterfaceOrientationLandscapeLeft UIInterfaceOrientationLandscapeRight";
				LD_RUNPATH_SEARCH_PATHS = (
					"$(inherited)",
					"@executable_path/Frameworks",
				);
				MARKETING_VERSION = 1.0;
				PRODUCT_BUNDLE_IDENTIFIER = com.cherrysoft.RenderRectangle;
				PRODUCT_NAME = "$(TARGET_NAME)";
				SWIFT_EMIT_LOC_STRINGS = YES;
				SWIFT_VERSION = 5.0;
				TARGETED_DEVICE_FAMILY = "1,2";
			};
			name = Release;
		};
/* End XCBuildConfiguration section */

/* Begin XCConfigurationList section */
		AD9161092B52C5A5001EEB7C /* Build configuration list for PBXProject "RenderRectangle" */ = {
			isa = XCConfigurationList;
			buildConfigurations = (
				AD9161202B52C5A6001EEB7C /* Debug */,
				AD9161212B52C5A6001EEB7C /* Release */,
			);
			defaultConfigurationIsVisible = 0;
			defaultConfigurationName = Release;
		};
		AD9161222B52C5A6001EEB7C /* Build configuration list for PBXNativeTarget "RenderRectangle" */ = {
			isa = XCConfigurationList;
			buildConfigurations = (
				AD9161232B52C5A6001EEB7C /* Debug */,
				AD9161242B52C5A6001EEB7C /* Release */,
			);
			defaultConfigurationIsVisible = 0;
			defaultConfigurationName = Release;
		};
/* End XCConfigurationList section */
	};
	rootObject = AD9161062B52C5A5001EEB7C /* Project object */;
}
